Microsoft Visual Studio Solution File, Format Version 12.00
# Visual Studio Version 17
VisualStudioVersion = 17.10.35004.147
MinimumVisualStudioVersion = 10.0.40219.1
Project("{E53339B2-1760-4266-BCC7-CA923CBCF16C}") = "docker-compose", "docker-compose.dcproj", "{75F1D547-D2FA-43E0-B2EA-846711243722}"
EndProject
Project("{9A19103F-16F7-4668-BE54-9A1E7A4F7556}") = "OpenTelemetryPricingSvc", "OpenTelemetryPricingSvc\OpenTelemetryPricingSvc.csproj", "{21721A95-67AB-4523-844B-9633F07F51E4}"
EndProject
Project("{9A19103F-16F7-4668-BE54-9A1E7A4F7556}") = "OpenTelemetryProductSvc", "OpenTelemetryProductSvc\OpenTelemetryProductSvc.csproj", "{CE45F4FF-6165-4C90-A0C7-E8BA3441C786}"
EndProject
Project("{9A19103F-16F7-4668-BE54-9A1E7A4F7556}") = "UserManagementService", "UserManagementService\UserManagementService.csproj", "{DC50E413-518D-4065-B5D1-F2FE819FF75C}"
EndProject
Project("{9A19103F-16F7-4668-BE54-9A1E7A4F7556}") = "IShop.AppHost", "IShop.AppHost\IShop.AppHost.csproj", "{956712AC-5D24-4D52-958B-5F951D13E6A9}"
EndProject
Project("{9A19103F-16F7-4668-BE54-9A1E7A4F7556}") = "IShop.ServiceDefaults", "IShop.ServiceDefaults\IShop.ServiceDefaults.csproj", "{E6A60EF6-0440-4C8C-AE8C-A724E477A9D6}"
EndProject
Global
	GlobalSection(SolutionConfigurationPlatforms) = preSolution
		Debug|Any CPU = Debug|Any CPU
		Release|Any CPU = Release|Any CPU
	EndGlobalSection
	GlobalSection(ProjectConfigurationPlatforms) = postSolution
		{75F1D547-D2FA-43E0-B2EA-846711243722}.Debug|Any CPU.ActiveCfg = Debug|Any CPU
		{75F1D547-D2FA-43E0-B2EA-846711243722}.Debug|Any CPU.Build.0 = Debug|Any CPU
		{75F1D547-D2FA-43E0-B2EA-846711243722}.Release|Any CPU.ActiveCfg = Release|Any CPU
		{75F1D547-D2FA-43E0-B2EA-846711243722}.Release|Any CPU.Build.0 = Release|Any CPU
		{21721A95-67AB-4523-844B-9633F07F51E4}.Debug|Any CPU.ActiveCfg = Debug|Any CPU
		{21721A95-67AB-4523-844B-9633F07F51E4}.Debug|Any CPU.Build.0 = Debug|Any CPU
		{21721A95-67AB-4523-844B-9633F07F51E4}.Release|Any CPU.ActiveCfg = Release|Any CPU
		{21721A95-67AB-4523-844B-9633F07F51E4}.Release|Any CPU.Build.0 = Release|Any CPU
		{CE45F4FF-6165-4C90-A0C7-E8BA3441C786}.Debug|Any CPU.ActiveCfg = Debug|Any CPU
		{CE45F4FF-6165-4C90-A0C7-E8BA3441C786}.Debug|Any CPU.Build.0 = Debug|Any CPU
		{CE45F4FF-6165-4C90-A0C7-E8BA3441C786}.Release|Any CPU.ActiveCfg = Release|Any CPU
		{CE45F4FF-6165-4C90-A0C7-E8BA3441C786}.Release|Any CPU.Build.0 = Release|Any CPU
		{DC50E413-518D-4065-B5D1-F2FE819FF75C}.Debug|Any CPU.ActiveCfg = Debug|Any CPU
		{DC50E413-518D-4065-B5D1-F2FE819FF75C}.Debug|Any CPU.Build.0 = Debug|Any CPU
		{DC50E413-518D-4065-B5D1-F2FE819FF75C}.Release|Any CPU.ActiveCfg = Release|Any CPU
		{DC50E413-518D-4065-B5D1-F2FE819FF75C}.Release|Any CPU.Build.0 = Release|Any CPU
		{956712AC-5D24-4D52-958B-5F951D13E6A9}.Debug|Any CPU.ActiveCfg = Debug|Any CPU
		{956712AC-5D24-4D52-958B-5F951D13E6A9}.Debug|Any CPU.Build.0 = Debug|Any CPU
		{956712AC-5D24-4D52-958B-5F951D13E6A9}.Release|Any CPU.ActiveCfg = Release|Any CPU
		{956712AC-5D24-4D52-958B-5F951D13E6A9}.Release|Any CPU.Build.0 = Release|Any CPU
		{E6A60EF6-0440-4C8C-AE8C-A724E477A9D6}.Debug|Any CPU.ActiveCfg = Debug|Any CPU
		{E6A60EF6-0440-4C8C-AE8C-A724E477A9D6}.Debug|Any CPU.Build.0 = Debug|Any CPU
		{E6A60EF6-0440-4C8C-AE8C-A724E477A9D6}.Release|Any CPU.ActiveCfg = Release|Any CPU
		{E6A60EF6-0440-4C8C-AE8C-A724E477A9D6}.Release|Any CPU.Build.0 = Release|Any CPU
	EndGlobalSection
	GlobalSection(SolutionProperties) = preSolution
		HideSolutionNode = FALSE
	EndGlobalSection
	GlobalSection(ExtensibilityGlobals) = postSolution
		SolutionGuid = {2F181F20-6157-4510-AEB4-80719D7A5688}
	EndGlobalSection
EndGlobal
